
Microsoft Visual Studio Solution File, Format Version 12.00
# Visual Studio 15
VisualStudioVersion = 15.0.28010.2003
MinimumVisualStudioVersion = 10.0.40219.1
Project("{FAE04EC0-301F-11D3-BF4B-00C04F79EFBC}") = "Program1", "Program1\Program1.csproj", "{2E0065DB-C1E8-43CB-9C26-AE5FD32B1265}"
EndProject
Project("{FAE04EC0-301F-11D3-BF4B-00C04F79EFBC}") = "CayleyTree", "CayleyTree\CayleyTree.csproj", "{F3E52871-0BF1-488F-98E6-3F7D21B938C1}"
EndProject
Global
	GlobalSection(SolutionConfigurationPlatforms) = preSolution
		Debug|Any CPU = Debug|Any CPU
		Release|Any CPU = Release|Any CPU
	EndGlobalSection
	GlobalSection(ProjectConfigurationPlatforms) = postSolution
		{2E0065DB-C1E8-43CB-9C26-AE5FD32B1265}.Debug|Any CPU.ActiveCfg = Debug|Any CPU
		{2E0065DB-C1E8-43CB-9C26-AE5FD32B1265}.Debug|Any CPU.Build.0 = Debug|Any CPU
		{2E0065DB-C1E8-43CB-9C26-AE5FD32B1265}.Release|Any CPU.ActiveCfg = Release|Any CPU
		{2E0065DB-C1E8-43CB-9C26-AE5FD32B1265}.Release|Any CPU.Build.0 = Release|Any CPU
		{F3E52871-0BF1-488F-98E6-3F7D21B938C1}.Debug|Any CPU.ActiveCfg = Debug|Any CPU
		{F3E52871-0BF1-488F-98E6-3F7D21B938C1}.Debug|Any CPU.Build.0 = Debug|Any CPU
		{F3E52871-0BF1-488F-98E6-3F7D21B938C1}.Release|Any CPU.ActiveCfg = Release|Any CPU
		{F3E52871-0BF1-488F-98E6-3F7D21B938C1}.Release|Any CPU.Build.0 = Release|Any CPU
	EndGlobalSection
	GlobalSection(SolutionProperties) = preSolution
		HideSolutionNode = FALSE
	EndGlobalSection
	GlobalSection(ExtensibilityGlobals) = postSolution
		SolutionGuid = {08E8180D-077A-4136-8032-0E14B34DB81C}
	EndGlobalSection
EndGlobal
